
Microsoft Visual Studio Solution File, Format Version 12.00
# Visual Studio Version 17
VisualStudioVersion = 17.11.35312.102
MinimumVisualStudioVersion = 10.0.40219.1
Project("{FAE04EC0-301F-11D3-BF4B-00C04F79EFBC}") = "Test", "Test.csproj", "{B62E6128-9326-4848-A8CD-1D858BF510B8}"
EndProject
Global
	GlobalSection(SolutionConfigurationPlatforms) = preSolution
		Debug|Any CPU = Debug|Any CPU
		Release|Any CPU = Release|Any CPU
	EndGlobalSection
	GlobalSection(ProjectConfigurationPlatforms) = postSolution
		{B62E6128-9326-4848-A8CD-1D858BF510B8}.Debug|Any CPU.ActiveCfg = Debug|Any CPU
		{B62E6128-9326-4848-A8CD-1D858BF510B8}.Debug|Any CPU.Build.0 = Debug|Any CPU
		{B62E6128-9326-4848-A8CD-1D858BF510B8}.Release|Any CPU.ActiveCfg = Release|Any CPU
		{B62E6128-9326-4848-A8CD-1D858BF510B8}.Release|Any CPU.Build.0 = Release|Any CPU
	EndGlobalSection
	GlobalSection(SolutionProperties) = preSolution
		HideSolutionNode = FALSE
	EndGlobalSection
	GlobalSection(ExtensibilityGlobals) = postSolution
		SolutionGuid = {0AFC55FF-486B-4438-94A8-91A160B3C2B0}
	EndGlobalSection
EndGlobal
